
Microsoft Visual Studio Solution File, Format Version 12.00
# Visual Studio Version 17
VisualStudioVersion = 17.14.36429.23
MinimumVisualStudioVersion = 10.0.40219.1
Project("{FAE04EC0-301F-11D3-BF4B-00C04F79EFBC}") = "quanlysv", "quanlysv\quanlysv.csproj", "{1BD377F3-4556-4939-83B3-870DC37FD3A5}"
EndProject
Project("{FAE04EC0-301F-11D3-BF4B-00C04F79EFBC}") = "Object_Info", "Object_Info\Object_Info.csproj", "{A52D30FA-8ACA-4AB0-888E-C42305AD7133}"
EndProject
Project("{FAE04EC0-301F-11D3-BF4B-00C04F79EFBC}") = "QuanLySinhVien.API", "QuanLySinhVien.API\QuanLySinhVien.API.csproj", "{E3B225D0-0092-4871-942D-DFA31FE7F2FC}"
EndProject
Global
	GlobalSection(SolutionConfigurationPlatforms) = preSolution
		Debug|Any CPU = Debug|Any CPU
		Release|Any CPU = Release|Any CPU
	EndGlobalSection
	GlobalSection(ProjectConfigurationPlatforms) = postSolution
		{1BD377F3-4556-4939-83B3-870DC37FD3A5}.Debug|Any CPU.ActiveCfg = Debug|Any CPU
		{1BD377F3-4556-4939-83B3-870DC37FD3A5}.Debug|Any CPU.Build.0 = Debug|Any CPU
		{1BD377F3-4556-4939-83B3-870DC37FD3A5}.Release|Any CPU.ActiveCfg = Release|Any CPU
		{1BD377F3-4556-4939-83B3-870DC37FD3A5}.Release|Any CPU.Build.0 = Release|Any CPU
		{A52D30FA-8ACA-4AB0-888E-C42305AD7133}.Debug|Any CPU.ActiveCfg = Debug|Any CPU
		{A52D30FA-8ACA-4AB0-888E-C42305AD7133}.Debug|Any CPU.Build.0 = Debug|Any CPU
		{A52D30FA-8ACA-4AB0-888E-C42305AD7133}.Release|Any CPU.ActiveCfg = Release|Any CPU
		{A52D30FA-8ACA-4AB0-888E-C42305AD7133}.Release|Any CPU.Build.0 = Release|Any CPU
		{E3B225D0-0092-4871-942D-DFA31FE7F2FC}.Debug|Any CPU.ActiveCfg = Debug|Any CPU
		{E3B225D0-0092-4871-942D-DFA31FE7F2FC}.Debug|Any CPU.Build.0 = Debug|Any CPU
		{E3B225D0-0092-4871-942D-DFA31FE7F2FC}.Release|Any CPU.ActiveCfg = Release|Any CPU
		{E3B225D0-0092-4871-942D-DFA31FE7F2FC}.Release|Any CPU.Build.0 = Release|Any CPU
	EndGlobalSection
	GlobalSection(SolutionProperties) = preSolution
		HideSolutionNode = FALSE
	EndGlobalSection
	GlobalSection(ExtensibilityGlobals) = postSolution
		SolutionGuid = {D99067D0-F376-4045-8913-29BB2EB84085}
	EndGlobalSection
EndGlobal
